// !$*UTF8*$!
{
	archiveVersion = 1;
	classes = {
	};
	objectVersion = 77;
	objects = {

/* Begin PBXContainerItemProxy section */
		A00000000000000000000031 /* PBXContainerItemProxy */ = {
			isa = PBXContainerItemProxy;
			containerPortal = A00000000000000000000001 /* Project object */;
			proxyType = 1;
			remoteGlobalIDString = A00000000000000000000010;
			remoteInfo = RecipeIntelligence;
		};
		A00000000000000000000032 /* PBXContainerItemProxy */ = {
			isa = PBXContainerItemProxy;
			containerPortal = A00000000000000000000001 /* Project object */;
			proxyType = 1;
			remoteGlobalIDString = A00000000000000000000010;
			remoteInfo = RecipeIntelligence;
		};
/* End PBXContainerItemProxy section */

/* Begin PBXFileReference section */
		A00000000000000000000020 /* RecipeIntelligence.app */ = {isa = PBXFileReference; explicitFileType = wrapper.application; includeInIndex = 0; path = RecipeIntelligence.app; sourceTree = BUILT_PRODUCTS_DIR; };
		A00000000000000000000021 /* RecipeIntelligenceTests.xctest */ = {isa = PBXFileReference; explicitFileType = wrapper.cfbundle; includeInIndex = 0; path = RecipeIntelligenceTests.xctest; sourceTree = BUILT_PRODUCTS_DIR; };
		A00000000000000000000022 /* RecipeIntelligenceUITests.xctest */ = {isa = PBXFileReference; explicitFileType = wrapper.cfbundle; includeInIndex = 0; path = RecipeIntelligenceUITests.xctest; sourceTree = BUILT_PRODUCTS_DIR; };
/* End PBXFileReference section */

/* Begin PBXFileSystemSynchronizedRootGroup section */
		A00000000000000000000004 /* RecipeIntelligence */ = {isa = PBXFileSystemSynchronizedRootGroup; exceptions = (); explicitFileTypes = {}; explicitFolders = (); path = RecipeIntelligence; sourceTree = "<group>"; };
		A00000000000000000000005 /* RecipeIntelligenceTests */ = {isa = PBXFileSystemSynchronizedRootGroup; exceptions = (); explicitFileTypes = {}; explicitFolders = (); path = RecipeIntelligenceTests; sourceTree = "<group>"; };
		A00000000000000000000006 /* RecipeIntelligenceUITests */ = {isa = PBXFileSystemSynchronizedRootGroup; exceptions = (); explicitFileTypes = {}; explicitFolders = (); path = RecipeIntelligenceUITests; sourceTree = "<group>"; };
/* End PBXFileSystemSynchronizedRootGroup section */

/* Begin PBXFrameworksBuildPhase section */
		A00000000000000000000040 /* Frameworks */ = {isa = PBXFrameworksBuildPhase; buildActionMask = 2147483647; files = (); runOnlyForDeploymentPostprocessing = 0; };
		A00000000000000000000041 /* Frameworks */ = {isa = PBXFrameworksBuildPhase; buildActionMask = 2147483647; files = (); runOnlyForDeploymentPostprocessing = 0; };
		A00000000000000000000042 /* Frameworks */ = {isa = PBXFrameworksBuildPhase; buildActionMask = 2147483647; files = (); runOnlyForDeploymentPostprocessing = 0; };
/* End PBXFrameworksBuildPhase section */

/* Begin PBXGroup section */
		A00000000000000000000002 = {
			isa = PBXGroup;
			children = (
				A00000000000000000000004 /* RecipeIntelligence */,
				A00000000000000000000005 /* RecipeIntelligenceTests */,
				A00000000000000000000006 /* RecipeIntelligenceUITests */,
				A00000000000000000000003 /* Products */,
			);
			sourceTree = "<group>";
		};
		A00000000000000000000003 /* Products */ = {
			isa = PBXGroup;
			children = (
				A00000000000000000000020 /* RecipeIntelligence.app */,
				A00000000000000000000021 /* RecipeIntelligenceTests.xctest */,
				A00000000000000000000022 /* RecipeIntelligenceUITests.xctest */,
			);
			name = Products;
			sourceTree = "<group>";
		};
/* End PBXGroup section */

/* Begin PBXNativeTarget section */
		A00000000000000000000010 /* RecipeIntelligence */ = {
			isa = PBXNativeTarget;
			buildConfigurationList = A00000000000000000000060 /* Build configuration list for PBXNativeTarget "RecipeIntelligence" */;
			buildPhases = (
				A00000000000000000000043 /* Sources */,
				A00000000000000000000040 /* Frameworks */,
				A00000000000000000000046 /* Resources */,
			);
			buildRules = ();
			dependencies = ();
			fileSystemSynchronizedGroups = (A00000000000000000000004 /* RecipeIntelligence */);
			name = RecipeIntelligence;
			productName = RecipeIntelligence;
			productReference = A00000000000000000000020 /* RecipeIntelligence.app */;
			productType = "com.apple.product-type.application";
		};
		A00000000000000000000011 /* RecipeIntelligenceTests */ = {
			isa = PBXNativeTarget;
			buildConfigurationList = A00000000000000000000061 /* Build configuration list for PBXNativeTarget "RecipeIntelligenceTests" */;
			buildPhases = (
				A00000000000000000000044 /* Sources */,
				A00000000000000000000041 /* Frameworks */,
				A00000000000000000000047 /* Resources */,
			);
			buildRules = ();
			dependencies = (A00000000000000000000033 /* PBXTargetDependency */);
			fileSystemSynchronizedGroups = (A00000000000000000000005 /* RecipeIntelligenceTests */);
			name = RecipeIntelligenceTests;
			productName = RecipeIntelligenceTests;
			productReference = A00000000000000000000021 /* RecipeIntelligenceTests.xctest */;
			productType = "com.apple.product-type.bundle.unit-test";
		};
		A00000000000000000000012 /* RecipeIntelligenceUITests */ = {
			isa = PBXNativeTarget;
			buildConfigurationList = A00000000000000000000062 /* Build configuration list for PBXNativeTarget "RecipeIntelligenceUITests" */;
			buildPhases = (
				A00000000000000000000045 /* Sources */,
				A00000000000000000000042 /* Frameworks */,
				A00000000000000000000048 /* Resources */,
			);
			buildRules = ();
			dependencies = (A00000000000000000000034 /* PBXTargetDependency */);
			fileSystemSynchronizedGroups = (A00000000000000000000006 /* RecipeIntelligenceUITests */);
			name = RecipeIntelligenceUITests;
			productName = RecipeIntelligenceUITests;
			productReference = A00000000000000000000022 /* RecipeIntelligenceUITests.xctest */;
			productType = "com.apple.product-type.bundle.ui-testing";
		};
/* End PBXNativeTarget section */

/* Begin PBXProject section */
		A00000000000000000000001 /* Project object */ = {
			isa = PBXProject;
			attributes = {
				BuildIndependentTargetsInParallel = 1;
				LastSwiftUpdateCheck = 1640;
				LastUpgradeCheck = 1640;
				TargetAttributes = {
					A00000000000000000000010 = {CreatedOnToolsVersion = 16.4;};
					A00000000000000000000011 = {CreatedOnToolsVersion = 16.4; TestTargetID = A00000000000000000000010;};
					A00000000000000000000012 = {CreatedOnToolsVersion = 16.4; TestTargetID = A00000000000000000000010;};
				};
			};
			buildConfigurationList = A00000000000000000000063 /* Build configuration list for PBXProject "RecipeIntelligence" */;
			compatibilityVersion = "Xcode 16.0";
			developmentRegion = en;
			hasScannedForEncodings = 0;
			knownRegions = (en, Base);
			mainGroup = A00000000000000000000002;
			preferredProjectObjectVersion = 77;
			productRefGroup = A00000000000000000000003 /* Products */;
			projectDirPath = "";
			projectRoot = "";
			targets = (A00000000000000000000010 /* RecipeIntelligence */, A00000000000000000000011 /* RecipeIntelligenceTests */, A00000000000000000000012 /* RecipeIntelligenceUITests */);
		};
/* End PBXProject section */

/* Begin PBXResourcesBuildPhase section */
		A00000000000000000000046 /* Resources */ = {isa = PBXResourcesBuildPhase; buildActionMask = 2147483647; files = (); runOnlyForDeploymentPostprocessing = 0; };
		A00000000000000000000047 /* Resources */ = {isa = PBXResourcesBuildPhase; buildActionMask = 2147483647; files = (); runOnlyForDeploymentPostprocessing = 0; };
		A00000000000000000000048 /* Resources */ = {isa = PBXResourcesBuildPhase; buildActionMask = 2147483647; files = (); runOnlyForDeploymentPostprocessing = 0; };
/* End PBXResourcesBuildPhase section */

/* Begin PBXSourcesBuildPhase section */
		A00000000000000000000043 /* Sources */ = {isa = PBXSourcesBuildPhase; buildActionMask = 2147483647; files = (); runOnlyForDeploymentPostprocessing = 0; };
		A00000000000000000000044 /* Sources */ = {isa = PBXSourcesBuildPhase; buildActionMask = 2147483647; files = (); runOnlyForDeploymentPostprocessing = 0; };
		A00000000000000000000045 /* Sources */ = {isa = PBXSourcesBuildPhase; buildActionMask = 2147483647; files = (); runOnlyForDeploymentPostprocessing = 0; };
/* End PBXSourcesBuildPhase section */

/* Begin PBXTargetDependency section */
		A00000000000000000000033 /* PBXTargetDependency */ = {isa = PBXTargetDependency; target = A00000000000000000000010 /* RecipeIntelligence */; targetProxy = A00000000000000000000031 /* PBXContainerItemProxy */; };
		A00000000000000000000034 /* PBXTargetDependency */ = {isa = PBXTargetDependency; target = A00000000000000000000010 /* RecipeIntelligence */; targetProxy = A00000000000000000000032 /* PBXContainerItemProxy */; };
/* End PBXTargetDependency section */

/* Begin XCBuildConfiguration section */
		A00000000000000000000070 /* Debug */ = {isa = XCBuildConfiguration; buildSettings = {ALWAYS_SEARCH_USER_PATHS = NO; CLANG_ENABLE_MODULES = YES; CLANG_ENABLE_OBJC_ARC = YES; DEBUG_INFORMATION_FORMAT = dwarf; ENABLE_TESTABILITY = YES; GCC_C_LANGUAGE_STANDARD = gnu17; IPHONEOS_DEPLOYMENT_TARGET = 17.0; MTL_ENABLE_DEBUG_INFO = INCLUDE_SOURCE; ONLY_ACTIVE_ARCH = YES; SDKROOT = iphoneos; SWIFT_ACTIVE_COMPILATION_CONDITIONS = "DEBUG $(inherited)"; SWIFT_OPTIMIZATION_LEVEL = "-Onone"; }; name = Debug; };
		A00000000000000000000071 /* Release */ = {isa = XCBuildConfiguration; buildSettings = {ALWAYS_SEARCH_USER_PATHS = NO; CLANG_ENABLE_MODULES = YES; CLANG_ENABLE_OBJC_ARC = YES; DEBUG_INFORMATION_FORMAT = "dwarf-with-dsym"; ENABLE_NS_ASSERTIONS = NO; GCC_C_LANGUAGE_STANDARD = gnu17; IPHONEOS_DEPLOYMENT_TARGET = 17.0; SDKROOT = iphoneos; SWIFT_COMPILATION_MODE = wholemodule; VALIDATE_PRODUCT = YES; }; name = Release; };
		A00000000000000000000072 /* Debug */ = {isa = XCBuildConfiguration; buildSettings = {CODE_SIGN_STYLE = Automatic; CURRENT_PROJECT_VERSION = 1; DEVELOPMENT_ASSET_PATHS = ""; ENABLE_PREVIEWS = YES; GENERATE_INFOPLIST_FILE = YES; INFOPLIST_KEY_CFBundleDisplayName = "Recipe Intelligence"; INFOPLIST_KEY_LSApplicationCategoryType = "public.app-category.food-drink"; INFOPLIST_KEY_UILaunchScreen_Generation = YES; IPHONEOS_DEPLOYMENT_TARGET = 17.0; MARKETING_VERSION = 0.1.0; PRODUCT_BUNDLE_IDENTIFIER = com.recipeintelligence.app; PRODUCT_NAME = "$(TARGET_NAME)"; SUPPORTED_PLATFORMS = "iphoneos iphonesimulator"; SWIFT_EMIT_LOC_STRINGS = YES; SWIFT_STRICT_CONCURRENCY = targeted; SWIFT_VERSION = 5.0; TARGETED_DEVICE_FAMILY = "1,2"; }; name = Debug; };
		A00000000000000000000073 /* Release */ = {isa = XCBuildConfiguration; buildSettings = {CODE_SIGN_STYLE = Automatic; CURRENT_PROJECT_VERSION = 1; GENERATE_INFOPLIST_FILE = YES; INFOPLIST_KEY_CFBundleDisplayName = "Recipe Intelligence"; INFOPLIST_KEY_LSApplicationCategoryType = "public.app-category.food-drink"; INFOPLIST_KEY_UILaunchScreen_Generation = YES; IPHONEOS_DEPLOYMENT_TARGET = 17.0; MARKETING_VERSION = 0.1.0; PRODUCT_BUNDLE_IDENTIFIER = com.recipeintelligence.app; PRODUCT_NAME = "$(TARGET_NAME)"; SUPPORTED_PLATFORMS = "iphoneos iphonesimulator"; SWIFT_EMIT_LOC_STRINGS = YES; SWIFT_STRICT_CONCURRENCY = targeted; SWIFT_VERSION = 5.0; TARGETED_DEVICE_FAMILY = "1,2"; }; name = Release; };
		A00000000000000000000074 /* Debug */ = {isa = XCBuildConfiguration; buildSettings = {BUNDLE_LOADER = "$(TEST_HOST)"; GENERATE_INFOPLIST_FILE = YES; IPHONEOS_DEPLOYMENT_TARGET = 17.0; PRODUCT_BUNDLE_IDENTIFIER = com.recipeintelligence.app.tests; PRODUCT_NAME = "$(TARGET_NAME)"; SWIFT_VERSION = 5.0; TARGETED_DEVICE_FAMILY = "1,2"; TEST_HOST = "$(BUILT_PRODUCTS_DIR)/RecipeIntelligence.app/$(BUNDLE_EXECUTABLE_FOLDER_PATH)/RecipeIntelligence"; }; name = Debug; };
		A00000000000000000000075 /* Release */ = {isa = XCBuildConfiguration; buildSettings = {BUNDLE_LOADER = "$(TEST_HOST)"; GENERATE_INFOPLIST_FILE = YES; IPHONEOS_DEPLOYMENT_TARGET = 17.0; PRODUCT_BUNDLE_IDENTIFIER = com.recipeintelligence.app.tests; PRODUCT_NAME = "$(TARGET_NAME)"; SWIFT_VERSION = 5.0; TARGETED_DEVICE_FAMILY = "1,2"; TEST_HOST = "$(BUILT_PRODUCTS_DIR)/RecipeIntelligence.app/$(BUNDLE_EXECUTABLE_FOLDER_PATH)/RecipeIntelligence"; }; name = Release; };
		A00000000000000000000076 /* Debug */ = {isa = XCBuildConfiguration; buildSettings = {GENERATE_INFOPLIST_FILE = YES; IPHONEOS_DEPLOYMENT_TARGET = 17.0; PRODUCT_BUNDLE_IDENTIFIER = com.recipeintelligence.app.uitests; PRODUCT_NAME = "$(TARGET_NAME)"; SWIFT_VERSION = 5.0; TARGETED_DEVICE_FAMILY = "1,2"; TEST_TARGET_NAME = RecipeIntelligence; }; name = Debug; };
		A00000000000000000000077 /* Release */ = {isa = XCBuildConfiguration; buildSettings = {GENERATE_INFOPLIST_FILE = YES; IPHONEOS_DEPLOYMENT_TARGET = 17.0; PRODUCT_BUNDLE_IDENTIFIER = com.recipeintelligence.app.uitests; PRODUCT_NAME = "$(TARGET_NAME)"; SWIFT_VERSION = 5.0; TARGETED_DEVICE_FAMILY = "1,2"; TEST_TARGET_NAME = RecipeIntelligence; }; name = Release; };
/* End XCBuildConfiguration section */

/* Begin XCConfigurationList section */
		A00000000000000000000060 /* Build configuration list for PBXNativeTarget "RecipeIntelligence" */ = {isa = XCConfigurationList; buildConfigurations = (A00000000000000000000072 /* Debug */, A00000000000000000000073 /* Release */); defaultConfigurationIsVisible = 0; defaultConfigurationName = Release; };
		A00000000000000000000061 /* Build configuration list for PBXNativeTarget "RecipeIntelligenceTests" */ = {isa = XCConfigurationList; buildConfigurations = (A00000000000000000000074 /* Debug */, A00000000000000000000075 /* Release */); defaultConfigurationIsVisible = 0; defaultConfigurationName = Release; };
		A00000000000000000000062 /* Build configuration list for PBXNativeTarget "RecipeIntelligenceUITests" */ = {isa = XCConfigurationList; buildConfigurations = (A00000000000000000000076 /* Debug */, A00000000000000000000077 /* Release */); defaultConfigurationIsVisible = 0; defaultConfigurationName = Release; };
		A00000000000000000000063 /* Build configuration list for PBXProject "RecipeIntelligence" */ = {isa = XCConfigurationList; buildConfigurations = (A00000000000000000000070 /* Debug */, A00000000000000000000071 /* Release */); defaultConfigurationIsVisible = 0; defaultConfigurationName = Release; };
/* End XCConfigurationList section */
	};
	rootObject = A00000000000000000000001 /* Project object */;
}
